// !$*UTF8*$!
{
	archiveVersion = 1;
	classes = {
	};
	objectVersion = 51;
	objects = {

/* Begin PBXBuildFile section */
		07C2B549F4822B50517313EA /* Pods_TrackSquared.framework in Frameworks */ = {isa = PBXBuildFile; fileRef = 9BCA3931B6DE5E2872C28F45 /* Pods_TrackSquared.framework */; };
		181E690B21AD5BF400C0141B /* TrackSquared.xcdatamodeld in Sources */ = {isa = PBXBuildFile; fileRef = 181E690921AD5BF400C0141B /* TrackSquared.xcdatamodeld */; };
		181EDFCB21A02594000105C2 /* TrainEvent.swift in Sources */ = {isa = PBXBuildFile; fileRef = 181EDFCA21A02594000105C2 /* TrainEvent.swift */; };
		183E443521AD2B990032E0E2 /* Station.swift in Sources */ = {isa = PBXBuildFile; fileRef = 183E443421AD2B990032E0E2 /* Station.swift */; };
		183E443A21AD34530032E0E2 /* ModelMapperv1-v2.xcmappingmodel in Sources */ = {isa = PBXBuildFile; fileRef = 183E443921AD34530032E0E2 /* ModelMapperv1-v2.xcmappingmodel */; };
		1855EEB42350CAC800ABCBC2 /* DBAPISecrets.swift in Sources */ = {isa = PBXBuildFile; fileRef = 1855EEB32350CAC800ABCBC2 /* DBAPISecrets.swift */; };
		1855EEB62350CF5800ABCBC2 /* DBOpenData.secret.plist in Resources */ = {isa = PBXBuildFile; fileRef = 1855EEB52350CF5800ABCBC2 /* DBOpenData.secret.plist */; };
		1856125321A6D1600041AD39 /* DBAPI.swift in Sources */ = {isa = PBXBuildFile; fileRef = 1856125221A6D1600041AD39 /* DBAPI.swift */; };
		1856125B21A6D47E0041AD39 /* TrackSquaredTests.swift in Sources */ = {isa = PBXBuildFile; fileRef = 1856125A21A6D47E0041AD39 /* TrackSquaredTests.swift */; };
		185E63582355C2D60086B88D /* Podfile in Resources */ = {isa = PBXBuildFile; fileRef = 185E63572355C2D60086B88D /* Podfile */; };
		186C57DE21A2B9C100F3BC04 /* SingleJourneyHistoryViewController.swift in Sources */ = {isa = PBXBuildFile; fileRef = 186C57DD21A2B9C100F3BC04 /* SingleJourneyHistoryViewController.swift */; };
		186C57E021A2BA0600F3BC04 /* JourneyHistoryPartTableViewCell.swift in Sources */ = {isa = PBXBuildFile; fileRef = 186C57DF21A2BA0600F3BC04 /* JourneyHistoryPartTableViewCell.swift */; };
		1875319F21AED5A500E94244 /* TrainSelectTableViewCell.swift in Sources */ = {isa = PBXBuildFile; fileRef = 1875319D21AED5A500E94244 /* TrainSelectTableViewCell.swift */; };
		187531A021AED5A500E94244 /* TrainSelectTableViewCell.xib in Resources */ = {isa = PBXBuildFile; fileRef = 1875319E21AED5A500E94244 /* TrainSelectTableViewCell.xib */; };
		18A44A4D21973FD80058C966 /* global.swift in Sources */ = {isa = PBXBuildFile; fileRef = 18A44A4C21973FD80058C966 /* global.swift */; };
		18A44A50219748A80058C966 /* CJTableViewCell.swift in Sources */ = {isa = PBXBuildFile; fileRef = 18A44A4F219748A80058C966 /* CJTableViewCell.swift */; };
		18CF674621A1D41700F10BFF /* JourneyArchiveViewController.swift in Sources */ = {isa = PBXBuildFile; fileRef = 18CF674521A1D41700F10BFF /* JourneyArchiveViewController.swift */; };
		18CF674821A1D44600F10BFF /* JourneyArchiveTableViewCell.swift in Sources */ = {isa = PBXBuildFile; fileRef = 18CF674721A1D44600F10BFF /* JourneyArchiveTableViewCell.swift */; };
		18D37CB021996D4100372162 /* BoardUnboardViewController.swift in Sources */ = {isa = PBXBuildFile; fileRef = 18D37CAF21996D4100372162 /* BoardUnboardViewController.swift */; };
		18D37CB321996DDE00372162 /* StationSelectViewController.swift in Sources */ = {isa = PBXBuildFile; fileRef = 18D37CB121996DDE00372162 /* StationSelectViewController.swift */; };
		18D37CB421996DDE00372162 /* StationSelectView.xib in Resources */ = {isa = PBXBuildFile; fileRef = 18D37CB221996DDE00372162 /* StationSelectView.xib */; };
		18D37CB621997E3400372162 /* DataController.swift in Sources */ = {isa = PBXBuildFile; fileRef = 18D37CB521997E3400372162 /* DataController.swift */; };
		18D37CB82199825F00372162 /* StationTableViewCell.swift in Sources */ = {isa = PBXBuildFile; fileRef = 18D37CB72199825F00372162 /* StationTableViewCell.swift */; };
		18E071142196D1D600761D4D /* AppDelegate.swift in Sources */ = {isa = PBXBuildFile; fileRef = 18E071132196D1D600761D4D /* AppDelegate.swift */; };
		18E071162196D1D600761D4D /* ViewController.swift in Sources */ = {isa = PBXBuildFile; fileRef = 18E071152196D1D600761D4D /* ViewController.swift */; };
		18E071192196D1D600761D4D /* Main.storyboard in Resources */ = {isa = PBXBuildFile; fileRef = 18E071172196D1D600761D4D /* Main.storyboard */; };
		18E0711E2196D1D700761D4D /* Assets.xcassets in Resources */ = {isa = PBXBuildFile; fileRef = 18E0711D2196D1D700761D4D /* Assets.xcassets */; };
		18E071212196D1D700761D4D /* LaunchScreen.storyboard in Resources */ = {isa = PBXBuildFile; fileRef = 18E0711F2196D1D700761D4D /* LaunchScreen.storyboard */; };
		18EB7D65234F80E800F63C66 /* QuartzCore.framework in Frameworks */ = {isa = PBXBuildFile; fileRef = 18EB7D64234F80E800F63C66 /* QuartzCore.framework */; };
		18EE7F0421AC304C004DF366 /* DBAPIDataTypes.swift in Sources */ = {isa = PBXBuildFile; fileRef = 18EE7F0321AC304C004DF366 /* DBAPIDataTypes.swift */; };
		18F9062B219AB3CF00505A9A /* StationTableViewCell.xib in Resources */ = {isa = PBXBuildFile; fileRef = 18F9062A219AB3CF00505A9A /* StationTableViewCell.xib */; };
		18F90630219ADB4200505A9A /* DS100.csv in Resources */ = {isa = PBXBuildFile; fileRef = 18F9062F219ADB4200505A9A /* DS100.csv */; };
		18F90632219ADB6300505A9A /* CSVParser.swift in Sources */ = {isa = PBXBuildFile; fileRef = 18F90631219ADB6300505A9A /* CSVParser.swift */; };
		18F90635219C266300505A9A /* Train.swift in Sources */ = {isa = PBXBuildFile; fileRef = 18F90634219C266300505A9A /* Train.swift */; };
		18F90639219C4E1100505A9A /* TrainSelectViewController.swift in Sources */ = {isa = PBXBuildFile; fileRef = 18F90637219C4E1100505A9A /* TrainSelectViewController.swift */; };
		18F9063A219C4E1100505A9A /* TrainSelectViewController.xib in Resources */ = {isa = PBXBuildFile; fileRef = 18F90638219C4E1100505A9A /* TrainSelectViewController.xib */; };
		18F9063F219C6D5500505A9A /* ButtonDesignable.swift in Sources */ = {isa = PBXBuildFile; fileRef = 18F9063E219C6D5500505A9A /* ButtonDesignable.swift */; };
		B2FEA950CB4521BDD0BC431B /* Pods_TrackSquaredTests.framework in Frameworks */ = {isa = PBXBuildFile; fileRef = DE8830F793133C9108C4A079 /* Pods_TrackSquaredTests.framework */; };
/* End PBXBuildFile section */

/* Begin PBXContainerItemProxy section */
		1856125D21A6D47E0041AD39 /* PBXContainerItemProxy */ = {
			isa = PBXContainerItemProxy;
			containerPortal = 18E071082196D1D600761D4D /* Project object */;
			proxyType = 1;
			remoteGlobalIDString = 18E0710F2196D1D600761D4D;
			remoteInfo = TrackSquared;
		};
/* End PBXContainerItemProxy section */

/* Begin PBXFileReference section */
		181E690A21AD5BF400C0141B /* TrackSquared.xcdatamodel */ = {isa = PBXFileReference; lastKnownFileType = wrapper.xcdatamodel; path = TrackSquared.xcdatamodel; sourceTree = "<group>"; };
		181EDFCA21A02594000105C2 /* TrainEvent.swift */ = {isa = PBXFileReference; lastKnownFileType = sourcecode.swift; path = TrainEvent.swift; sourceTree = "<group>"; };
		183E443421AD2B990032E0E2 /* Station.swift */ = {isa = PBXFileReference; lastKnownFileType = sourcecode.swift; path = Station.swift; sourceTree = "<group>"; };
		183E443921AD34530032E0E2 /* ModelMapperv1-v2.xcmappingmodel */ = {isa = PBXFileReference; lastKnownFileType = wrapper.xcmappingmodel; path = "ModelMapperv1-v2.xcmappingmodel"; sourceTree = "<group>"; };
		1855EEB32350CAC800ABCBC2 /* DBAPISecrets.swift */ = {isa = PBXFileReference; lastKnownFileType = sourcecode.swift; path = DBAPISecrets.swift; sourceTree = "<group>"; };
		1855EEB52350CF5800ABCBC2 /* DBOpenData.secret.plist */ = {isa = PBXFileReference; lastKnownFileType = text.plist.xml; path = DBOpenData.secret.plist; sourceTree = "<group>"; };
		1856125221A6D1600041AD39 /* DBAPI.swift */ = {isa = PBXFileReference; lastKnownFileType = sourcecode.swift; path = DBAPI.swift; sourceTree = "<group>"; };
		1856125821A6D47E0041AD39 /* TrackSquaredTests.xctest */ = {isa = PBXFileReference; explicitFileType = wrapper.cfbundle; includeInIndex = 0; path = TrackSquaredTests.xctest; sourceTree = BUILT_PRODUCTS_DIR; };
		1856125A21A6D47E0041AD39 /* TrackSquaredTests.swift */ = {isa = PBXFileReference; lastKnownFileType = sourcecode.swift; path = TrackSquaredTests.swift; sourceTree = "<group>"; };
		1856125C21A6D47E0041AD39 /* Info.plist */ = {isa = PBXFileReference; lastKnownFileType = text.plist.xml; path = Info.plist; sourceTree = "<group>"; };
		185E63572355C2D60086B88D /* Podfile */ = {isa = PBXFileReference; fileEncoding = 4; lastKnownFileType = text; path = Podfile; sourceTree = "<group>"; xcLanguageSpecificationIdentifier = xcode.lang.ruby; };
		186C57DD21A2B9C100F3BC04 /* SingleJourneyHistoryViewController.swift */ = {isa = PBXFileReference; lastKnownFileType = sourcecode.swift; path = SingleJourneyHistoryViewController.swift; sourceTree = "<group>"; };
		186C57DF21A2BA0600F3BC04 /* JourneyHistoryPartTableViewCell.swift */ = {isa = PBXFileReference; lastKnownFileType = sourcecode.swift; path = JourneyHistoryPartTableViewCell.swift; sourceTree = "<group>"; };
		1875319D21AED5A500E94244 /* TrainSelectTableViewCell.swift */ = {isa = PBXFileReference; lastKnownFileType = sourcecode.swift; path = TrainSelectTableViewCell.swift; sourceTree = "<group>"; };
		1875319E21AED5A500E94244 /* TrainSelectTableViewCell.xib */ = {isa = PBXFileReference; lastKnownFileType = file.xib; path = TrainSelectTableViewCell.xib; sourceTree = "<group>"; };
		18A44A4C21973FD80058C966 /* global.swift */ = {isa = PBXFileReference; fileEncoding = 4; lastKnownFileType = sourcecode.swift; path = global.swift; sourceTree = "<group>"; };
		18A44A4F219748A80058C966 /* CJTableViewCell.swift */ = {isa = PBXFileReference; lastKnownFileType = sourcecode.swift; path = CJTableViewCell.swift; sourceTree = "<group>"; };
		18CF674521A1D41700F10BFF /* JourneyArchiveViewController.swift */ = {isa = PBXFileReference; lastKnownFileType = sourcecode.swift; path = JourneyArchiveViewController.swift; sourceTree = "<group>"; };
		18CF674721A1D44600F10BFF /* JourneyArchiveTableViewCell.swift */ = {isa = PBXFileReference; lastKnownFileType = sourcecode.swift; path = JourneyArchiveTableViewCell.swift; sourceTree = "<group>"; };
		18D37CAF21996D4100372162 /* BoardUnboardViewController.swift */ = {isa = PBXFileReference; lastKnownFileType = sourcecode.swift; path = BoardUnboardViewController.swift; sourceTree = "<group>"; };
		18D37CB121996DDE00372162 /* StationSelectViewController.swift */ = {isa = PBXFileReference; lastKnownFileType = sourcecode.swift; path = StationSelectViewController.swift; sourceTree = "<group>"; };
		18D37CB221996DDE00372162 /* StationSelectView.xib */ = {isa = PBXFileReference; lastKnownFileType = file.xib; path = StationSelectView.xib; sourceTree = "<group>"; };
		18D37CB521997E3400372162 /* DataController.swift */ = {isa = PBXFileReference; lastKnownFileType = sourcecode.swift; path = DataController.swift; sourceTree = "<group>"; };
		18D37CB72199825F00372162 /* StationTableViewCell.swift */ = {isa = PBXFileReference; lastKnownFileType = sourcecode.swift; path = StationTableViewCell.swift; sourceTree = "<group>"; };
		18E071102196D1D600761D4D /* TrackSquared.app */ = {isa = PBXFileReference; explicitFileType = wrapper.application; includeInIndex = 0; path = TrackSquared.app; sourceTree = BUILT_PRODUCTS_DIR; };
		18E071132196D1D600761D4D /* AppDelegate.swift */ = {isa = PBXFileReference; lastKnownFileType = sourcecode.swift; path = AppDelegate.swift; sourceTree = "<group>"; };
		18E071152196D1D600761D4D /* ViewController.swift */ = {isa = PBXFileReference; lastKnownFileType = sourcecode.swift; path = ViewController.swift; sourceTree = "<group>"; };
		18E071182196D1D600761D4D /* Base */ = {isa = PBXFileReference; lastKnownFileType = file.storyboard; name = Base; path = Base.lproj/Main.storyboard; sourceTree = "<group>"; };
		18E0711D2196D1D700761D4D /* Assets.xcassets */ = {isa = PBXFileReference; lastKnownFileType = folder.assetcatalog; path = Assets.xcassets; sourceTree = "<group>"; };
		18E071202196D1D700761D4D /* Base */ = {isa = PBXFileReference; lastKnownFileType = file.storyboard; name = Base; path = Base.lproj/LaunchScreen.storyboard; sourceTree = "<group>"; };
		18E071222196D1D700761D4D /* Info.plist */ = {isa = PBXFileReference; lastKnownFileType = text.plist.xml; path = Info.plist; sourceTree = "<group>"; };
		18EB7D64234F80E800F63C66 /* QuartzCore.framework */ = {isa = PBXFileReference; lastKnownFileType = wrapper.framework; name = QuartzCore.framework; path = System/Library/Frameworks/QuartzCore.framework; sourceTree = SDKROOT; };
		18EE7F0321AC304C004DF366 /* DBAPIDataTypes.swift */ = {isa = PBXFileReference; lastKnownFileType = sourcecode.swift; path = DBAPIDataTypes.swift; sourceTree = "<group>"; };
		18F9062A219AB3CF00505A9A /* StationTableViewCell.xib */ = {isa = PBXFileReference; lastKnownFileType = file.xib; path = StationTableViewCell.xib; sourceTree = "<group>"; };
		18F9062F219ADB4200505A9A /* DS100.csv */ = {isa = PBXFileReference; fileEncoding = 4; lastKnownFileType = text; path = DS100.csv; sourceTree = "<group>"; };
		18F90631219ADB6300505A9A /* CSVParser.swift */ = {isa = PBXFileReference; lastKnownFileType = sourcecode.swift; path = CSVParser.swift; sourceTree = "<group>"; };
		18F90634219C266300505A9A /* Train.swift */ = {isa = PBXFileReference; lastKnownFileType = sourcecode.swift; path = Train.swift; sourceTree = "<group>"; };
		18F90637219C4E1100505A9A /* TrainSelectViewController.swift */ = {isa = PBXFileReference; lastKnownFileType = sourcecode.swift; path = TrainSelectViewController.swift; sourceTree = "<group>"; };
		18F90638219C4E1100505A9A /* TrainSelectViewController.xib */ = {isa = PBXFileReference; lastKnownFileType = file.xib; path = TrainSelectViewController.xib; sourceTree = "<group>"; };
		18F9063E219C6D5500505A9A /* ButtonDesignable.swift */ = {isa = PBXFileReference; lastKnownFileType = sourcecode.swift; path = ButtonDesignable.swift; sourceTree = "<group>"; };
		3283C7D7A2A84CB8EAD3F79A /* Pods-TrackSquared.release.xcconfig */ = {isa = PBXFileReference; includeInIndex = 1; lastKnownFileType = text.xcconfig; name = "Pods-TrackSquared.release.xcconfig"; path = "Target Support Files/Pods-TrackSquared/Pods-TrackSquared.release.xcconfig"; sourceTree = "<group>"; };
		4EB918F75170E9D1611086F6 /* Pods-TrackSquaredTests.debug.xcconfig */ = {isa = PBXFileReference; includeInIndex = 1; lastKnownFileType = text.xcconfig; name = "Pods-TrackSquaredTests.debug.xcconfig"; path = "Target Support Files/Pods-TrackSquaredTests/Pods-TrackSquaredTests.debug.xcconfig"; sourceTree = "<group>"; };
		533FDC0C78E0264931A9C434 /* Pods-TrackSquaredTests.release.xcconfig */ = {isa = PBXFileReference; includeInIndex = 1; lastKnownFileType = text.xcconfig; name = "Pods-TrackSquaredTests.release.xcconfig"; path = "Target Support Files/Pods-TrackSquaredTests/Pods-TrackSquaredTests.release.xcconfig"; sourceTree = "<group>"; };
		9BCA3931B6DE5E2872C28F45 /* Pods_TrackSquared.framework */ = {isa = PBXFileReference; explicitFileType = wrapper.framework; includeInIndex = 0; path = Pods_TrackSquared.framework; sourceTree = BUILT_PRODUCTS_DIR; };
		C4E07FA7E47D5C06527E58BF /* Pods-TrackSquared.debug.xcconfig */ = {isa = PBXFileReference; includeInIndex = 1; lastKnownFileType = text.xcconfig; name = "Pods-TrackSquared.debug.xcconfig"; path = "Target Support Files/Pods-TrackSquared/Pods-TrackSquared.debug.xcconfig"; sourceTree = "<group>"; };
		DE8830F793133C9108C4A079 /* Pods_TrackSquaredTests.framework */ = {isa = PBXFileReference; explicitFileType = wrapper.framework; includeInIndex = 0; path = Pods_TrackSquaredTests.framework; sourceTree = BUILT_PRODUCTS_DIR; };
/* End PBXFileReference section */

/* Begin PBXFrameworksBuildPhase section */
		1856125521A6D47E0041AD39 /* Frameworks */ = {
			isa = PBXFrameworksBuildPhase;
			buildActionMask = 2147483647;
			files = (
				B2FEA950CB4521BDD0BC431B /* Pods_TrackSquaredTests.framework in Frameworks */,
			);
			runOnlyForDeploymentPostprocessing = 0;
		};
		18E0710D2196D1D600761D4D /* Frameworks */ = {
			isa = PBXFrameworksBuildPhase;
			buildActionMask = 2147483647;
			files = (
				18EB7D65234F80E800F63C66 /* QuartzCore.framework in Frameworks */,
				07C2B549F4822B50517313EA /* Pods_TrackSquared.framework in Frameworks */,
			);
			runOnlyForDeploymentPostprocessing = 0;
		};
/* End PBXFrameworksBuildPhase section */

/* Begin PBXGroup section */
		1856124F21A6CA660041AD39 /* DBAPI */ = {
			isa = PBXGroup;
			children = (
				1856125221A6D1600041AD39 /* DBAPI.swift */,
				18EE7F0321AC304C004DF366 /* DBAPIDataTypes.swift */,
				1855EEB32350CAC800ABCBC2 /* DBAPISecrets.swift */,
				1855EEB52350CF5800ABCBC2 /* DBOpenData.secret.plist */,
			);
			path = DBAPI;
			sourceTree = "<group>";
		};
		1856125921A6D47E0041AD39 /* TrackSquaredTests */ = {
			isa = PBXGroup;
			children = (
				1856125A21A6D47E0041AD39 /* TrackSquaredTests.swift */,
				1856125C21A6D47E0041AD39 /* Info.plist */,
			);
			path = TrackSquaredTests;
			sourceTree = "<group>";
		};
		186C57DC21A2B95A00F3BC04 /* SingleJourneyHistoryViewController */ = {
			isa = PBXGroup;
			children = (
				186C57DD21A2B9C100F3BC04 /* SingleJourneyHistoryViewController.swift */,
				186C57DF21A2BA0600F3BC04 /* JourneyHistoryPartTableViewCell.swift */,
			);
			path = SingleJourneyHistoryViewController;
			sourceTree = "<group>";
		};
		18A44A4E219748850058C966 /* CurrentJourneyTableView */ = {
			isa = PBXGroup;
			children = (
				18A44A4F219748A80058C966 /* CJTableViewCell.swift */,
			);
			path = CurrentJourneyTableView;
			sourceTree = "<group>";
		};
		18CF674421A1D3E400F10BFF /* JourneyArchive */ = {
			isa = PBXGroup;
			children = (
				18CF674521A1D41700F10BFF /* JourneyArchiveViewController.swift */,
				18CF674721A1D44600F10BFF /* JourneyArchiveTableViewCell.swift */,
			);
			path = JourneyArchive;
			sourceTree = "<group>";
		};
		18D37CA821996B4D00372162 /* StationSelectView */ = {
			isa = PBXGroup;
			children = (
				18D37CB121996DDE00372162 /* StationSelectViewController.swift */,
				18D37CB221996DDE00372162 /* StationSelectView.xib */,
				18D37CB72199825F00372162 /* StationTableViewCell.swift */,
				18F9062A219AB3CF00505A9A /* StationTableViewCell.xib */,
			);
			path = StationSelectView;
			sourceTree = "<group>";
		};
		18E071072196D1D600761D4D = {
			isa = PBXGroup;
			children = (
				185E63572355C2D60086B88D /* Podfile */,
				18F9062E219ADB2C00505A9A /* Resources */,
				18E071122196D1D600761D4D /* TrackSquared */,
				1856125921A6D47E0041AD39 /* TrackSquaredTests */,
				18E071112196D1D600761D4D /* Products */,
				18EB7D63234F80E800F63C66 /* Frameworks */,
				BBA597EB0FF497802F1A6167 /* Pods */,
			);
			sourceTree = "<group>";
		};
		18E071112196D1D600761D4D /* Products */ = {
			isa = PBXGroup;
			children = (
				18E071102196D1D600761D4D /* TrackSquared.app */,
				1856125821A6D47E0041AD39 /* TrackSquaredTests.xctest */,
			);
			name = Products;
			sourceTree = "<group>";
		};
		18E071122196D1D600761D4D /* TrackSquared */ = {
			isa = PBXGroup;
			children = (
				1856124F21A6CA660041AD39 /* DBAPI */,
				18E071222196D1D700761D4D /* Info.plist */,
				18E071282196D1E800761D4D /* Data */,
				18F90636219C315000505A9A /* TrainSelectView */,
				18D37CA821996B4D00372162 /* StationSelectView */,
				18A44A4E219748850058C966 /* CurrentJourneyTableView */,
				18CF674421A1D3E400F10BFF /* JourneyArchive */,
				186C57DC21A2B95A00F3BC04 /* SingleJourneyHistoryViewController */,
				18E071132196D1D600761D4D /* AppDelegate.swift */,
				18E071172196D1D600761D4D /* Main.storyboard */,
				18E071152196D1D600761D4D /* ViewController.swift */,
				18D37CAF21996D4100372162 /* BoardUnboardViewController.swift */,
				18E0711F2196D1D700761D4D /* LaunchScreen.storyboard */,
				181E690921AD5BF400C0141B /* TrackSquared.xcdatamodeld */,
				183E443921AD34530032E0E2 /* ModelMapperv1-v2.xcmappingmodel */,
				18A44A4C21973FD80058C966 /* global.swift */,
				18F9063D219C6D3700505A9A /* UIElements */,
				18E0711D2196D1D700761D4D /* Assets.xcassets */,
			);
			path = TrackSquared;
			sourceTree = "<group>";
		};
		18E071282196D1E800761D4D /* Data */ = {
			isa = PBXGroup;
			children = (
				18D37CB521997E3400372162 /* DataController.swift */,
				18F90631219ADB6300505A9A /* CSVParser.swift */,
				18F90634219C266300505A9A /* Train.swift */,
				181EDFCA21A02594000105C2 /* TrainEvent.swift */,
				183E443421AD2B990032E0E2 /* Station.swift */,
			);
			path = Data;
			sourceTree = "<group>";
		};
		18EB7D63234F80E800F63C66 /* Frameworks */ = {
			isa = PBXGroup;
			children = (
				18EB7D64234F80E800F63C66 /* QuartzCore.framework */,
				9BCA3931B6DE5E2872C28F45 /* Pods_TrackSquared.framework */,
				DE8830F793133C9108C4A079 /* Pods_TrackSquaredTests.framework */,
			);
			name = Frameworks;
			sourceTree = "<group>";
		};
		18F9062E219ADB2C00505A9A /* Resources */ = {
			isa = PBXGroup;
			children = (
				18F9062F219ADB4200505A9A /* DS100.csv */,
			);
			path = Resources;
			sourceTree = "<group>";
		};
		18F90636219C315000505A9A /* TrainSelectView */ = {
			isa = PBXGroup;
			children = (
				18F90637219C4E1100505A9A /* TrainSelectViewController.swift */,
				18F90638219C4E1100505A9A /* TrainSelectViewController.xib */,
				1875319D21AED5A500E94244 /* TrainSelectTableViewCell.swift */,
				1875319E21AED5A500E94244 /* TrainSelectTableViewCell.xib */,
			);
			path = TrainSelectView;
			sourceTree = "<group>";
		};
		18F9063D219C6D3700505A9A /* UIElements */ = {
			isa = PBXGroup;
			children = (
				18F9063E219C6D5500505A9A /* ButtonDesignable.swift */,
			);
			path = UIElements;
			sourceTree = "<group>";
		};
		BBA597EB0FF497802F1A6167 /* Pods */ = {
			isa = PBXGroup;
			children = (
				C4E07FA7E47D5C06527E58BF /* Pods-TrackSquared.debug.xcconfig */,
				3283C7D7A2A84CB8EAD3F79A /* Pods-TrackSquared.release.xcconfig */,
				4EB918F75170E9D1611086F6 /* Pods-TrackSquaredTests.debug.xcconfig */,
				533FDC0C78E0264931A9C434 /* Pods-TrackSquaredTests.release.xcconfig */,
			);
			path = Pods;
			sourceTree = "<group>";
		};
/* End PBXGroup section */

/* Begin PBXNativeTarget section */
		1856125721A6D47E0041AD39 /* TrackSquaredTests */ = {
			isa = PBXNativeTarget;
			buildConfigurationList = 1856125F21A6D47E0041AD39 /* Build configuration list for PBXNativeTarget "TrackSquaredTests" */;
			buildPhases = (
				69F569CB482ACF0B0D3210E3 /* [CP] Check Pods Manifest.lock */,
				1856125421A6D47E0041AD39 /* Sources */,
				1856125521A6D47E0041AD39 /* Frameworks */,
				1856125621A6D47E0041AD39 /* Resources */,
			);
			buildRules = (
			);
			dependencies = (
				1856125E21A6D47E0041AD39 /* PBXTargetDependency */,
			);
			name = TrackSquaredTests;
			productName = TrackSquaredTests;
			productReference = 1856125821A6D47E0041AD39 /* TrackSquaredTests.xctest */;
			productType = "com.apple.product-type.bundle.unit-test";
		};
		18E0710F2196D1D600761D4D /* TrackSquared */ = {
			isa = PBXNativeTarget;
			buildConfigurationList = 18E071252196D1D700761D4D /* Build configuration list for PBXNativeTarget "TrackSquared" */;
			buildPhases = (
				A3C9AE24655200C8A3432232 /* [CP] Check Pods Manifest.lock */,
				18E0710C2196D1D600761D4D /* Sources */,
				18E0710D2196D1D600761D4D /* Frameworks */,
				18E0710E2196D1D600761D4D /* Resources */,
				18F90633219B1A6900505A9A /* ShellScript */,
				2154B6DEBD203E655D4A0640 /* [CP] Embed Pods Frameworks */,
			);
			buildRules = (
			);
			dependencies = (
			);
			name = TrackSquared;
			productName = TrackSquared;
			productReference = 18E071102196D1D600761D4D /* TrackSquared.app */;
			productType = "com.apple.product-type.application";
		};
/* End PBXNativeTarget section */

/* Begin PBXProject section */
		18E071082196D1D600761D4D /* Project object */ = {
			isa = PBXProject;
			attributes = {
				LastSwiftUpdateCheck = 1010;
				LastUpgradeCheck = 1010;
				ORGANIZATIONNAME = "Tim Grohmann";
				TargetAttributes = {
					1856125721A6D47E0041AD39 = {
						CreatedOnToolsVersion = 10.1;
						LastSwiftMigration = 1100;
						TestTargetID = 18E0710F2196D1D600761D4D;
					};
					18E0710F2196D1D600761D4D = {
						CreatedOnToolsVersion = 10.1;
						LastSwiftMigration = 1100;
					};
				};
			};
			buildConfigurationList = 18E0710B2196D1D600761D4D /* Build configuration list for PBXProject "TrackSquared" */;
			compatibilityVersion = "Xcode 9.3";
			developmentRegion = en;
			hasScannedForEncodings = 0;
			knownRegions = (
				en,
				Base,
			);
			mainGroup = 18E071072196D1D600761D4D;
			productRefGroup = 18E071112196D1D600761D4D /* Products */;
			projectDirPath = "";
			projectRoot = "";
			targets = (
				18E0710F2196D1D600761D4D /* TrackSquared */,
				1856125721A6D47E0041AD39 /* TrackSquaredTests */,
			);
		};
/* End PBXProject section */

/* Begin PBXResourcesBuildPhase section */
		1856125621A6D47E0041AD39 /* Resources */ = {
			isa = PBXResourcesBuildPhase;
			buildActionMask = 2147483647;
			files = (
			);
			runOnlyForDeploymentPostprocessing = 0;
		};
		18E0710E2196D1D600761D4D /* Resources */ = {
			isa = PBXResourcesBuildPhase;
			buildActionMask = 2147483647;
			files = (
				185E63582355C2D60086B88D /* Podfile in Resources */,
				18E071212196D1D700761D4D /* LaunchScreen.storyboard in Resources */,
				18D37CB421996DDE00372162 /* StationSelectView.xib in Resources */,
				187531A021AED5A500E94244 /* TrainSelectTableViewCell.xib in Resources */,
				18F9062B219AB3CF00505A9A /* StationTableViewCell.xib in Resources */,
				18F90630219ADB4200505A9A /* DS100.csv in Resources */,
				18E0711E2196D1D700761D4D /* Assets.xcassets in Resources */,
				18E071192196D1D600761D4D /* Main.storyboard in Resources */,
				1855EEB62350CF5800ABCBC2 /* DBOpenData.secret.plist in Resources */,
				18F9063A219C4E1100505A9A /* TrainSelectViewController.xib in Resources */,
			);
			runOnlyForDeploymentPostprocessing = 0;
		};
/* End PBXResourcesBuildPhase section */

/* Begin PBXShellScriptBuildPhase section */
		18F90633219B1A6900505A9A /* ShellScript */ = {
			isa = PBXShellScriptBuildPhase;
			buildActionMask = 2147483647;
			files = (
			);
			inputFileListPaths = (
			);
			inputPaths = (
			);
			outputFileListPaths = (
			);
			outputPaths = (
			);
			runOnlyForDeploymentPostprocessing = 0;
			shellPath = /bin/sh;
			shellScript = "buildNumber=$(/usr/libexec/PlistBuddy -c \"Print CFBundleVersion\" \"${PROJECT_DIR}/${INFOPLIST_FILE}\")\nbuildNumber=$(($buildNumber + 1))\n/usr/libexec/PlistBuddy -c \"Set :CFBundleVersion $buildNumber\" \"${PROJECT_DIR}/${INFOPLIST_FILE}\"\n\n\n\n";
		};
		2154B6DEBD203E655D4A0640 /* [CP] Embed Pods Frameworks */ = {
			isa = PBXShellScriptBuildPhase;
			buildActionMask = 2147483647;
			files = (
			);
			inputFileListPaths = (
				"${PODS_ROOT}/Target Support Files/Pods-TrackSquared/Pods-TrackSquared-frameworks-${CONFIGURATION}-input-files.xcfilelist",
			);
			name = "[CP] Embed Pods Frameworks";
			outputFileListPaths = (
				"${PODS_ROOT}/Target Support Files/Pods-TrackSquared/Pods-TrackSquared-frameworks-${CONFIGURATION}-output-files.xcfilelist",
			);
			runOnlyForDeploymentPostprocessing = 0;
			shellPath = /bin/sh;
			shellScript = "\"${PODS_ROOT}/Target Support Files/Pods-TrackSquared/Pods-TrackSquared-frameworks.sh\"\n";
			showEnvVarsInLog = 0;
		};
		69F569CB482ACF0B0D3210E3 /* [CP] Check Pods Manifest.lock */ = {
			isa = PBXShellScriptBuildPhase;
			buildActionMask = 2147483647;
			files = (
			);
			inputFileListPaths = (
			);
			inputPaths = (
				"${PODS_PODFILE_DIR_PATH}/Podfile.lock",
				"${PODS_ROOT}/Manifest.lock",
			);
			name = "[CP] Check Pods Manifest.lock";
			outputFileListPaths = (
			);
			outputPaths = (
				"$(DERIVED_FILE_DIR)/Pods-TrackSquaredTests-checkManifestLockResult.txt",
			);
			runOnlyForDeploymentPostprocessing = 0;
			shellPath = /bin/sh;
			shellScript = "diff \"${PODS_PODFILE_DIR_PATH}/Podfile.lock\" \"${PODS_ROOT}/Manifest.lock\" > /dev/null\nif [ $? != 0 ] ; then\n    # print error to STDERR\n    echo \"error: The sandbox is not in sync with the Podfile.lock. Run 'pod install' or update your CocoaPods installation.\" >&2\n    exit 1\nfi\n# This output is used by Xcode 'outputs' to avoid re-running this script phase.\necho \"SUCCESS\" > \"${SCRIPT_OUTPUT_FILE_0}\"\n";
			showEnvVarsInLog = 0;
		};
		A3C9AE24655200C8A3432232 /* [CP] Check Pods Manifest.lock */ = {
			isa = PBXShellScriptBuildPhase;
			buildActionMask = 2147483647;
			files = (
			);
			inputFileListPaths = (
			);
			inputPaths = (
				"${PODS_PODFILE_DIR_PATH}/Podfile.lock",
				"${PODS_ROOT}/Manifest.lock",
			);
			name = "[CP] Check Pods Manifest.lock";
			outputFileListPaths = (
			);
			outputPaths = (
				"$(DERIVED_FILE_DIR)/Pods-TrackSquared-checkManifestLockResult.txt",
			);
			runOnlyForDeploymentPostprocessing = 0;
			shellPath = /bin/sh;
			shellScript = "diff \"${PODS_PODFILE_DIR_PATH}/Podfile.lock\" \"${PODS_ROOT}/Manifest.lock\" > /dev/null\nif [ $? != 0 ] ; then\n    # print error to STDERR\n    echo \"error: The sandbox is not in sync with the Podfile.lock. Run 'pod install' or update your CocoaPods installation.\" >&2\n    exit 1\nfi\n# This output is used by Xcode 'outputs' to avoid re-running this script phase.\necho \"SUCCESS\" > \"${SCRIPT_OUTPUT_FILE_0}\"\n";
			showEnvVarsInLog = 0;
		};
/* End PBXShellScriptBuildPhase section */

/* Begin PBXSourcesBuildPhase section */
		1856125421A6D47E0041AD39 /* Sources */ = {
			isa = PBXSourcesBuildPhase;
			buildActionMask = 2147483647;
			files = (
				1856125B21A6D47E0041AD39 /* TrackSquaredTests.swift in Sources */,
			);
			runOnlyForDeploymentPostprocessing = 0;
		};
		18E0710C2196D1D600761D4D /* Sources */ = {
			isa = PBXSourcesBuildPhase;
			buildActionMask = 2147483647;
			files = (
				18A44A50219748A80058C966 /* CJTableViewCell.swift in Sources */,
				181E690B21AD5BF400C0141B /* TrackSquared.xcdatamodeld in Sources */,
				18CF674621A1D41700F10BFF /* JourneyArchiveViewController.swift in Sources */,
				18A44A4D21973FD80058C966 /* global.swift in Sources */,
				18F90635219C266300505A9A /* Train.swift in Sources */,
				18F90639219C4E1100505A9A /* TrainSelectViewController.swift in Sources */,
				1875319F21AED5A500E94244 /* TrainSelectTableViewCell.swift in Sources */,
				1856125321A6D1600041AD39 /* DBAPI.swift in Sources */,
				181EDFCB21A02594000105C2 /* TrainEvent.swift in Sources */,
				18CF674821A1D44600F10BFF /* JourneyArchiveTableViewCell.swift in Sources */,
				18D37CB321996DDE00372162 /* StationSelectViewController.swift in Sources */,
				18EE7F0421AC304C004DF366 /* DBAPIDataTypes.swift in Sources */,
				18D37CB021996D4100372162 /* BoardUnboardViewController.swift in Sources */,
				186C57E021A2BA0600F3BC04 /* JourneyHistoryPartTableViewCell.swift in Sources */,
				183E443521AD2B990032E0E2 /* Station.swift in Sources */,
				18F90632219ADB6300505A9A /* CSVParser.swift in Sources */,
				1855EEB42350CAC800ABCBC2 /* DBAPISecrets.swift in Sources */,
				18D37CB82199825F00372162 /* StationTableViewCell.swift in Sources */,
				18D37CB621997E3400372162 /* DataController.swift in Sources */,
				183E443A21AD34530032E0E2 /* ModelMapperv1-v2.xcmappingmodel in Sources */,
				18E071162196D1D600761D4D /* ViewController.swift in Sources */,
				186C57DE21A2B9C100F3BC04 /* SingleJourneyHistoryViewController.swift in Sources */,
				18E071142196D1D600761D4D /* AppDelegate.swift in Sources */,
				18F9063F219C6D5500505A9A /* ButtonDesignable.swift in Sources */,
			);
			runOnlyForDeploymentPostprocessing = 0;
		};
/* End PBXSourcesBuildPhase section */

/* Begin PBXTargetDependency section */
		1856125E21A6D47E0041AD39 /* PBXTargetDependency */ = {
			isa = PBXTargetDependency;
			target = 18E0710F2196D1D600761D4D /* TrackSquared */;
			targetProxy = 1856125D21A6D47E0041AD39 /* PBXContainerItemProxy */;
		};
/* End PBXTargetDependency section */

/* Begin PBXVariantGroup section */
		18E071172196D1D600761D4D /* Main.storyboard */ = {
			isa = PBXVariantGroup;
			children = (
				18E071182196D1D600761D4D /* Base */,
			);
			name = Main.storyboard;
			sourceTree = "<group>";
		};
		18E0711F2196D1D700761D4D /* LaunchScreen.storyboard */ = {
			isa = PBXVariantGroup;
			children = (
				18E071202196D1D700761D4D /* Base */,
			);
			name = LaunchScreen.storyboard;
			sourceTree = "<group>";
		};
/* End PBXVariantGroup section */

/* Begin XCBuildConfiguration section */
		1856126021A6D47E0041AD39 /* Debug */ = {
			isa = XCBuildConfiguration;
			baseConfigurationReference = 4EB918F75170E9D1611086F6 /* Pods-TrackSquaredTests.debug.xcconfig */;
			buildSettings = {
				BUNDLE_LOADER = "$(TEST_HOST)";
				CODE_SIGN_IDENTITY = "iPhone Developer";
				CODE_SIGN_STYLE = Automatic;
				DEVELOPMENT_TEAM = 3Z5JRGBTJE;
				INFOPLIST_FILE = TrackSquaredTests/Info.plist;
				LD_RUNPATH_SEARCH_PATHS = (
					"$(inherited)",
					"@executable_path/Frameworks",
					"@loader_path/Frameworks",
				);
				PRODUCT_BUNDLE_IDENTIFIER = timgrohmann.TrackSquaredTests;
				PRODUCT_NAME = "$(TARGET_NAME)";
				PROVISIONING_PROFILE_SPECIFIER = "";
				SWIFT_VERSION = 5.0;
				TARGETED_DEVICE_FAMILY = "1,2";
				TEST_HOST = "$(BUILT_PRODUCTS_DIR)/TrackSquared.app/TrackSquared";
			};
			name = Debug;
		};
		1856126121A6D47E0041AD39 /* Release */ = {
			isa = XCBuildConfiguration;
			baseConfigurationReference = 533FDC0C78E0264931A9C434 /* Pods-TrackSquaredTests.release.xcconfig */;
			buildSettings = {
				BUNDLE_LOADER = "$(TEST_HOST)";
				CODE_SIGN_IDENTITY = "iPhone Developer";
				CODE_SIGN_STYLE = Automatic;
				DEVELOPMENT_TEAM = 3Z5JRGBTJE;
				INFOPLIST_FILE = TrackSquaredTests/Info.plist;
				LD_RUNPATH_SEARCH_PATHS = (
					"$(inherited)",
					"@executable_path/Frameworks",
					"@loader_path/Frameworks",
				);
				PRODUCT_BUNDLE_IDENTIFIER = timgrohmann.TrackSquaredTests;
				PRODUCT_NAME = "$(TARGET_NAME)";
				PROVISIONING_PROFILE_SPECIFIER = "";
				SWIFT_VERSION = 5.0;
				TARGETED_DEVICE_FAMILY = "1,2";
				TEST_HOST = "$(BUILT_PRODUCTS_DIR)/TrackSquared.app/TrackSquared";
			};
			name = Release;
		};
		18E071232196D1D700761D4D /* Debug */ = {
			isa = XCBuildConfiguration;
			buildSettings = {
				ALWAYS_SEARCH_USER_PATHS = NO;
				CLANG_ANALYZER_NONNULL = YES;
				CLANG_ANALYZER_NUMBER_OBJECT_CONVERSION = YES_AGGRESSIVE;
				CLANG_CXX_LANGUAGE_STANDARD = "gnu++14";
				CLANG_CXX_LIBRARY = "libc++";
				CLANG_ENABLE_MODULES = YES;
				CLANG_ENABLE_OBJC_ARC = YES;
				CLANG_ENABLE_OBJC_WEAK = YES;
				CLANG_WARN_BLOCK_CAPTURE_AUTORELEASING = YES;
				CLANG_WARN_BOOL_CONVERSION = YES;
				CLANG_WARN_COMMA = YES;
				CLANG_WARN_CONSTANT_CONVERSION = YES;
				CLANG_WARN_DEPRECATED_OBJC_IMPLEMENTATIONS = YES;
				CLANG_WARN_DIRECT_OBJC_ISA_USAGE = YES_ERROR;
				CLANG_WARN_DOCUMENTATION_COMMENTS = YES;
				CLANG_WARN_EMPTY_BODY = YES;
				CLANG_WARN_ENUM_CONVERSION = YES;
				CLANG_WARN_INFINITE_RECURSION = YES;
				CLANG_WARN_INT_CONVERSION = YES;
				CLANG_WARN_NON_LITERAL_NULL_CONVERSION = YES;
				CLANG_WARN_OBJC_IMPLICIT_RETAIN_SELF = YES;
				CLANG_WARN_OBJC_LITERAL_CONVERSION = YES;
				CLANG_WARN_OBJC_ROOT_CLASS = YES_ERROR;
				CLANG_WARN_RANGE_LOOP_ANALYSIS = YES;
				CLANG_WARN_STRICT_PROTOTYPES = YES;
				CLANG_WARN_SUSPICIOUS_MOVE = YES;
				CLANG_WARN_UNGUARDED_AVAILABILITY = YES_AGGRESSIVE;
				CLANG_WARN_UNREACHABLE_CODE = YES;
				CLANG_WARN__DUPLICATE_METHOD_MATCH = YES;
				CODE_SIGN_IDENTITY = "iPhone Developer";
				COPY_PHASE_STRIP = NO;
				DEBUG_INFORMATION_FORMAT = dwarf;
				ENABLE_STRICT_OBJC_MSGSEND = YES;
				ENABLE_TESTABILITY = YES;
				GCC_C_LANGUAGE_STANDARD = gnu11;
				GCC_DYNAMIC_NO_PIC = NO;
				GCC_NO_COMMON_BLOCKS = YES;
				GCC_OPTIMIZATION_LEVEL = 0;
				GCC_PREPROCESSOR_DEFINITIONS = (
					"DEBUG=1",
					"$(inherited)",
				);
				GCC_WARN_64_TO_32_BIT_CONVERSION = YES;
				GCC_WARN_ABOUT_RETURN_TYPE = YES_ERROR;
				GCC_WARN_UNDECLARED_SELECTOR = YES;
				GCC_WARN_UNINITIALIZED_AUTOS = YES_AGGRESSIVE;
				GCC_WARN_UNUSED_FUNCTION = YES;
				GCC_WARN_UNUSED_VARIABLE = YES;
				IPHONEOS_DEPLOYMENT_TARGET = 12.1;
				MTL_ENABLE_DEBUG_INFO = INCLUDE_SOURCE;
				MTL_FAST_MATH = YES;
				ONLY_ACTIVE_ARCH = YES;
				SDKROOT = iphoneos;
				SWIFT_ACTIVE_COMPILATION_CONDITIONS = DEBUG;
				SWIFT_OPTIMIZATION_LEVEL = "-Onone";
				VERSIONING_SYSTEM = "";
			};
			name = Debug;
		};
		18E071242196D1D700761D4D /* Release */ = {
			isa = XCBuildConfiguration;
			buildSettings = {
				ALWAYS_SEARCH_USER_PATHS = NO;
				CLANG_ANALYZER_NONNULL = YES;
				CLANG_ANALYZER_NUMBER_OBJECT_CONVERSION = YES_AGGRESSIVE;
				CLANG_CXX_LANGUAGE_STANDARD = "gnu++14";
				CLANG_CXX_LIBRARY = "libc++";
				CLANG_ENABLE_MODULES = YES;
				CLANG_ENABLE_OBJC_ARC = YES;
				CLANG_ENABLE_OBJC_WEAK = YES;
				CLANG_WARN_BLOCK_CAPTURE_AUTORELEASING = YES;
				CLANG_WARN_BOOL_CONVERSION = YES;
				CLANG_WARN_COMMA = YES;
				CLANG_WARN_CONSTANT_CONVERSION = YES;
				CLANG_WARN_DEPRECATED_OBJC_IMPLEMENTATIONS = YES;
				CLANG_WARN_DIRECT_OBJC_ISA_USAGE = YES_ERROR;
				CLANG_WARN_DOCUMENTATION_COMMENTS = YES;
				CLANG_WARN_EMPTY_BODY = YES;
				CLANG_WARN_ENUM_CONVERSION = YES;
				CLANG_WARN_INFINITE_RECURSION = YES;
				CLANG_WARN_INT_CONVERSION = YES;
				CLANG_WARN_NON_LITERAL_NULL_CONVERSION = YES;
				CLANG_WARN_OBJC_IMPLICIT_RETAIN_SELF = YES;
				CLANG_WARN_OBJC_LITERAL_CONVERSION = YES;
				CLANG_WARN_OBJC_ROOT_CLASS = YES_ERROR;
				CLANG_WARN_RANGE_LOOP_ANALYSIS = YES;
				CLANG_WARN_STRICT_PROTOTYPES = YES;
				CLANG_WARN_SUSPICIOUS_MOVE = YES;
				CLANG_WARN_UNGUARDED_AVAILABILITY = YES_AGGRESSIVE;
				CLANG_WARN_UNREACHABLE_CODE = YES;
				CLANG_WARN__DUPLICATE_METHOD_MATCH = YES;
				CODE_SIGN_IDENTITY = "iPhone Developer";
				COPY_PHASE_STRIP = NO;
				DEBUG_INFORMATION_FORMAT = "dwarf-with-dsym";
				ENABLE_NS_ASSERTIONS = NO;
				ENABLE_STRICT_OBJC_MSGSEND = YES;
				GCC_C_LANGUAGE_STANDARD = gnu11;
				GCC_NO_COMMON_BLOCKS = YES;
				GCC_WARN_64_TO_32_BIT_CONVERSION = YES;
				GCC_WARN_ABOUT_RETURN_TYPE = YES_ERROR;
				GCC_WARN_UNDECLARED_SELECTOR = YES;
				GCC_WARN_UNINITIALIZED_AUTOS = YES_AGGRESSIVE;
				GCC_WARN_UNUSED_FUNCTION = YES;
				GCC_WARN_UNUSED_VARIABLE = YES;
				IPHONEOS_DEPLOYMENT_TARGET = 12.1;
				MTL_ENABLE_DEBUG_INFO = NO;
				MTL_FAST_MATH = YES;
				SDKROOT = iphoneos;
				SWIFT_COMPILATION_MODE = wholemodule;
				SWIFT_OPTIMIZATION_LEVEL = "-O";
				VALIDATE_PRODUCT = YES;
				VERSIONING_SYSTEM = "";
			};
			name = Release;
		};
		18E071262196D1D700761D4D /* Debug */ = {
			isa = XCBuildConfiguration;
			baseConfigurationReference = C4E07FA7E47D5C06527E58BF /* Pods-TrackSquared.debug.xcconfig */;
			buildSettings = {
				ASSETCATALOG_COMPILER_APPICON_NAME = AppIcon;
				CODE_SIGN_STYLE = Automatic;
				DEVELOPMENT_TEAM = 3Z5JRGBTJE;
				INFOPLIST_FILE = TrackSquared/Info.plist;
				IPHONEOS_DEPLOYMENT_TARGET = 12.0;
				LD_RUNPATH_SEARCH_PATHS = (
					"$(inherited)",
					"@executable_path/Frameworks",
				);
				PRODUCT_BUNDLE_IDENTIFIER = timgrohmann.TrackSquared;
				PRODUCT_NAME = "$(TARGET_NAME)";
				SWIFT_VERSION = 5.0;
				TARGETED_DEVICE_FAMILY = 1;
			};
			name = Debug;
		};
		18E071272196D1D700761D4D /* Release */ = {
			isa = XCBuildConfiguration;
			baseConfigurationReference = 3283C7D7A2A84CB8EAD3F79A /* Pods-TrackSquared.release.xcconfig */;
			buildSettings = {
				ASSETCATALOG_COMPILER_APPICON_NAME = AppIcon;
				CODE_SIGN_STYLE = Automatic;
				DEVELOPMENT_TEAM = 3Z5JRGBTJE;
				INFOPLIST_FILE = TrackSquared/Info.plist;
				IPHONEOS_DEPLOYMENT_TARGET = 12.0;
				LD_RUNPATH_SEARCH_PATHS = (
					"$(inherited)",
					"@executable_path/Frameworks",
				);
				PRODUCT_BUNDLE_IDENTIFIER = timgrohmann.TrackSquared;
				PRODUCT_NAME = "$(TARGET_NAME)";
				SWIFT_VERSION = 5.0;
				TARGETED_DEVICE_FAMILY = 1;
			};
			name = Release;
		};
/* End XCBuildConfiguration section */

/* Begin XCConfigurationList section */
		1856125F21A6D47E0041AD39 /* Build configuration list for PBXNativeTarget "TrackSquaredTests" */ = {
			isa = XCConfigurationList;
			buildConfigurations = (
				1856126021A6D47E0041AD39 /* Debug */,
				1856126121A6D47E0041AD39 /* Release */,
			);
			defaultConfigurationIsVisible = 0;
			defaultConfigurationName = Release;
		};
		18E0710B2196D1D600761D4D /* Build configuration list for PBXProject "TrackSquared" */ = {
			isa = XCConfigurationList;
			buildConfigurations = (
				18E071232196D1D700761D4D /* Debug */,
				18E071242196D1D700761D4D /* Release */,
			);
			defaultConfigurationIsVisible = 0;
			defaultConfigurationName = Release;
		};
		18E071252196D1D700761D4D /* Build configuration list for PBXNativeTarget "TrackSquared" */ = {
			isa = XCConfigurationList;
			buildConfigurations = (
				18E071262196D1D700761D4D /* Debug */,
				18E071272196D1D700761D4D /* Release */,
			);
			defaultConfigurationIsVisible = 0;
			defaultConfigurationName = Release;
		};
/* End XCConfigurationList section */

/* Begin XCVersionGroup section */
		181E690921AD5BF400C0141B /* TrackSquared.xcdatamodeld */ = {
			isa = XCVersionGroup;
			children = (
				181E690A21AD5BF400C0141B /* TrackSquared.xcdatamodel */,
			);
			currentVersion = 181E690A21AD5BF400C0141B /* TrackSquared.xcdatamodel */;
			path = TrackSquared.xcdatamodeld;
			sourceTree = "<group>";
			versionGroupType = wrapper.xcdatamodel;
		};
/* End XCVersionGroup section */
	};
	rootObject = 18E071082196D1D600761D4D /* Project object */;
}
